
Microsoft Visual Studio Solution File, Format Version 12.00
# Visual Studio Version 16
VisualStudioVersion = 16.0.29613.14
MinimumVisualStudioVersion = 15.0.26124.0
Project("{9A19103F-16F7-4668-BE54-9A1E7A4F7556}") = "Blazorade.Core", "Blazorade.Core\Blazorade.Core.csproj", "{19051D0E-14FD-4333-A1AD-728D6AB8CE89}"
EndProject
Project("{9A19103F-16F7-4668-BE54-9A1E7A4F7556}") = "ServerApp", "ServerApp\ServerApp.csproj", "{B305B78E-5E3D-422E-9281-F522AFC13431}"
EndProject
Project("{2150E333-8FDC-42A3-9474-1A3956D46DE8}") = "TestApps", "TestApps", "{67EC7B54-7907-4F26-87E7-417701C4D81B}"
EndProject
Project("{FAE04EC0-301F-11D3-BF4B-00C04F79EFBC}") = "ClientApp", "ClientApp\ClientApp.csproj", "{4A874A05-C777-43CC-B8AC-25FF663CCB81}"
EndProject
Global
	GlobalSection(SolutionConfigurationPlatforms) = preSolution
		Debug|Any CPU = Debug|Any CPU
		Debug|x64 = Debug|x64
		Debug|x86 = Debug|x86
		Release|Any CPU = Release|Any CPU
		Release|x64 = Release|x64
		Release|x86 = Release|x86
	EndGlobalSection
	GlobalSection(ProjectConfigurationPlatforms) = postSolution
		{19051D0E-14FD-4333-A1AD-728D6AB8CE89}.Debug|Any CPU.ActiveCfg = Debug|Any CPU
		{19051D0E-14FD-4333-A1AD-728D6AB8CE89}.Debug|Any CPU.Build.0 = Debug|Any CPU
		{19051D0E-14FD-4333-A1AD-728D6AB8CE89}.Debug|x64.ActiveCfg = Debug|Any CPU
		{19051D0E-14FD-4333-A1AD-728D6AB8CE89}.Debug|x64.Build.0 = Debug|Any CPU
		{19051D0E-14FD-4333-A1AD-728D6AB8CE89}.Debug|x86.ActiveCfg = Debug|Any CPU
		{19051D0E-14FD-4333-A1AD-728D6AB8CE89}.Debug|x86.Build.0 = Debug|Any CPU
		{19051D0E-14FD-4333-A1AD-728D6AB8CE89}.Release|Any CPU.ActiveCfg = Release|Any CPU
		{19051D0E-14FD-4333-A1AD-728D6AB8CE89}.Release|Any CPU.Build.0 = Release|Any CPU
		{19051D0E-14FD-4333-A1AD-728D6AB8CE89}.Release|x64.ActiveCfg = Release|Any CPU
		{19051D0E-14FD-4333-A1AD-728D6AB8CE89}.Release|x64.Build.0 = Release|Any CPU
		{19051D0E-14FD-4333-A1AD-728D6AB8CE89}.Release|x86.ActiveCfg = Release|Any CPU
		{19051D0E-14FD-4333-A1AD-728D6AB8CE89}.Release|x86.Build.0 = Release|Any CPU
		{B305B78E-5E3D-422E-9281-F522AFC13431}.Debug|Any CPU.ActiveCfg = Debug|Any CPU
		{B305B78E-5E3D-422E-9281-F522AFC13431}.Debug|Any CPU.Build.0 = Debug|Any CPU
		{B305B78E-5E3D-422E-9281-F522AFC13431}.Debug|x64.ActiveCfg = Debug|Any CPU
		{B305B78E-5E3D-422E-9281-F522AFC13431}.Debug|x64.Build.0 = Debug|Any CPU
		{B305B78E-5E3D-422E-9281-F522AFC13431}.Debug|x86.ActiveCfg = Debug|Any CPU
		{B305B78E-5E3D-422E-9281-F522AFC13431}.Debug|x86.Build.0 = Debug|Any CPU
		{B305B78E-5E3D-422E-9281-F522AFC13431}.Release|Any CPU.ActiveCfg = Release|Any CPU
		{B305B78E-5E3D-422E-9281-F522AFC13431}.Release|Any CPU.Build.0 = Release|Any CPU
		{B305B78E-5E3D-422E-9281-F522AFC13431}.Release|x64.ActiveCfg = Release|Any CPU
		{B305B78E-5E3D-422E-9281-F522AFC13431}.Release|x64.Build.0 = Release|Any CPU
		{B305B78E-5E3D-422E-9281-F522AFC13431}.Release|x86.ActiveCfg = Release|Any CPU
		{B305B78E-5E3D-422E-9281-F522AFC13431}.Release|x86.Build.0 = Release|Any CPU
		{4A874A05-C777-43CC-B8AC-25FF663CCB81}.Debug|Any CPU.ActiveCfg = Debug|Any CPU
		{4A874A05-C777-43CC-B8AC-25FF663CCB81}.Debug|Any CPU.Build.0 = Debug|Any CPU
		{4A874A05-C777-43CC-B8AC-25FF663CCB81}.Debug|x64.ActiveCfg = Debug|Any CPU
		{4A874A05-C777-43CC-B8AC-25FF663CCB81}.Debug|x64.Build.0 = Debug|Any CPU
		{4A874A05-C777-43CC-B8AC-25FF663CCB81}.Debug|x86.ActiveCfg = Debug|Any CPU
		{4A874A05-C777-43CC-B8AC-25FF663CCB81}.Debug|x86.Build.0 = Debug|Any CPU
		{4A874A05-C777-43CC-B8AC-25FF663CCB81}.Release|Any CPU.ActiveCfg = Release|Any CPU
		{4A874A05-C777-43CC-B8AC-25FF663CCB81}.Release|Any CPU.Build.0 = Release|Any CPU
		{4A874A05-C777-43CC-B8AC-25FF663CCB81}.Release|x64.ActiveCfg = Release|Any CPU
		{4A874A05-C777-43CC-B8AC-25FF663CCB81}.Release|x64.Build.0 = Release|Any CPU
		{4A874A05-C777-43CC-B8AC-25FF663CCB81}.Release|x86.ActiveCfg = Release|Any CPU
		{4A874A05-C777-43CC-B8AC-25FF663CCB81}.Release|x86.Build.0 = Release|Any CPU
	EndGlobalSection
	GlobalSection(SolutionProperties) = preSolution
		HideSolutionNode = FALSE
	EndGlobalSection
	GlobalSection(NestedProjects) = preSolution
		{B305B78E-5E3D-422E-9281-F522AFC13431} = {67EC7B54-7907-4F26-87E7-417701C4D81B}
		{4A874A05-C777-43CC-B8AC-25FF663CCB81} = {67EC7B54-7907-4F26-87E7-417701C4D81B}
	EndGlobalSection
	GlobalSection(ExtensibilityGlobals) = postSolution
		SolutionGuid = {C5107600-4D0F-4CFB-9700-978F674CD6B4}
	EndGlobalSection
EndGlobal
